
Microsoft Visual Studio Solution File, Format Version 12.00
# Visual Studio 15
VisualStudioVersion = 15.0.33026.149
MinimumVisualStudioVersion = 10.0.40219.1
Project("{FAE04EC0-301F-11D3-BF4B-00C04F79EFBC}") = "IMAGE", "WindowsFormsGDI_Lesson\IMAGE.csproj", "{5BEBC6D3-BA51-43CD-9E8B-53BF6A19F4F4}"
EndProject
Project("{FAE04EC0-301F-11D3-BF4B-00C04F79EFBC}") = "REGION", "REGION\REGION.csproj", "{F235BBD1-6671-4B36-9C2A-1267F32BCF18}"
EndProject
Project("{FAE04EC0-301F-11D3-BF4B-00C04F79EFBC}") = "GRAPHICSPATH", "GRAPHICSPATH\GRAPHICSPATH.csproj", "{01584689-480A-4DAA-AD2B-2ACC7BDD32FF}"
EndProject
Project("{FAE04EC0-301F-11D3-BF4B-00C04F79EFBC}") = "COORDINATES", "COORDINATES\COORDINATES.csproj", "{D3D95350-E61E-402A-B0C4-49EDD0691D98}"
EndProject
Project("{FAE04EC0-301F-11D3-BF4B-00C04F79EFBC}") = "GRAPHICS_EXAMPLE", "GRAPHICS_EXAMPLE\GRAPHICS_EXAMPLE.csproj", "{FC583E94-5C3D-4618-B371-9A960AB8EC46}"
EndProject
Project("{FAE04EC0-301F-11D3-BF4B-00C04F79EFBC}") = "GRAPHICS_EXAMPLE2", "GRAPHICS_EXAMPLE2\GRAPHICS_EXAMPLE2.csproj", "{7FE9FF60-E71E-47F2-A03F-E1F7D4DD00F5}"
EndProject
Project("{FAE04EC0-301F-11D3-BF4B-00C04F79EFBC}") = "DrawMethods", "DrawMethods\DrawMethods.csproj", "{6D91E863-6148-483C-B290-EA83EE371B43}"
EndProject
Global
	GlobalSection(SolutionConfigurationPlatforms) = preSolution
		Debug|Any CPU = Debug|Any CPU
		Release|Any CPU = Release|Any CPU
	EndGlobalSection
	GlobalSection(ProjectConfigurationPlatforms) = postSolution
		{5BEBC6D3-BA51-43CD-9E8B-53BF6A19F4F4}.Debug|Any CPU.ActiveCfg = Debug|Any CPU
		{5BEBC6D3-BA51-43CD-9E8B-53BF6A19F4F4}.Debug|Any CPU.Build.0 = Debug|Any CPU
		{5BEBC6D3-BA51-43CD-9E8B-53BF6A19F4F4}.Release|Any CPU.ActiveCfg = Release|Any CPU
		{5BEBC6D3-BA51-43CD-9E8B-53BF6A19F4F4}.Release|Any CPU.Build.0 = Release|Any CPU
		{F235BBD1-6671-4B36-9C2A-1267F32BCF18}.Debug|Any CPU.ActiveCfg = Debug|Any CPU
		{F235BBD1-6671-4B36-9C2A-1267F32BCF18}.Debug|Any CPU.Build.0 = Debug|Any CPU
		{F235BBD1-6671-4B36-9C2A-1267F32BCF18}.Release|Any CPU.ActiveCfg = Release|Any CPU
		{F235BBD1-6671-4B36-9C2A-1267F32BCF18}.Release|Any CPU.Build.0 = Release|Any CPU
		{01584689-480A-4DAA-AD2B-2ACC7BDD32FF}.Debug|Any CPU.ActiveCfg = Debug|Any CPU
		{01584689-480A-4DAA-AD2B-2ACC7BDD32FF}.Debug|Any CPU.Build.0 = Debug|Any CPU
		{01584689-480A-4DAA-AD2B-2ACC7BDD32FF}.Release|Any CPU.ActiveCfg = Release|Any CPU
		{01584689-480A-4DAA-AD2B-2ACC7BDD32FF}.Release|Any CPU.Build.0 = Release|Any CPU
		{D3D95350-E61E-402A-B0C4-49EDD0691D98}.Debug|Any CPU.ActiveCfg = Debug|Any CPU
		{D3D95350-E61E-402A-B0C4-49EDD0691D98}.Debug|Any CPU.Build.0 = Debug|Any CPU
		{D3D95350-E61E-402A-B0C4-49EDD0691D98}.Release|Any CPU.ActiveCfg = Release|Any CPU
		{D3D95350-E61E-402A-B0C4-49EDD0691D98}.Release|Any CPU.Build.0 = Release|Any CPU
		{FC583E94-5C3D-4618-B371-9A960AB8EC46}.Debug|Any CPU.ActiveCfg = Debug|Any CPU
		{FC583E94-5C3D-4618-B371-9A960AB8EC46}.Debug|Any CPU.Build.0 = Debug|Any CPU
		{FC583E94-5C3D-4618-B371-9A960AB8EC46}.Release|Any CPU.ActiveCfg = Release|Any CPU
		{FC583E94-5C3D-4618-B371-9A960AB8EC46}.Release|Any CPU.Build.0 = Release|Any CPU
		{7FE9FF60-E71E-47F2-A03F-E1F7D4DD00F5}.Debug|Any CPU.ActiveCfg = Debug|Any CPU
		{7FE9FF60-E71E-47F2-A03F-E1F7D4DD00F5}.Debug|Any CPU.Build.0 = Debug|Any CPU
		{7FE9FF60-E71E-47F2-A03F-E1F7D4DD00F5}.Release|Any CPU.ActiveCfg = Release|Any CPU
		{7FE9FF60-E71E-47F2-A03F-E1F7D4DD00F5}.Release|Any CPU.Build.0 = Release|Any CPU
		{6D91E863-6148-483C-B290-EA83EE371B43}.Debug|Any CPU.ActiveCfg = Debug|Any CPU
		{6D91E863-6148-483C-B290-EA83EE371B43}.Debug|Any CPU.Build.0 = Debug|Any CPU
		{6D91E863-6148-483C-B290-EA83EE371B43}.Release|Any CPU.ActiveCfg = Release|Any CPU
		{6D91E863-6148-483C-B290-EA83EE371B43}.Release|Any CPU.Build.0 = Release|Any CPU
	EndGlobalSection
	GlobalSection(SolutionProperties) = preSolution
		HideSolutionNode = FALSE
	EndGlobalSection
	GlobalSection(ExtensibilityGlobals) = postSolution
		SolutionGuid = {948206F1-DA84-421C-8D95-50F9910F0D16}
	EndGlobalSection
EndGlobal
